
Microsoft Visual Studio Solution File, Format Version 12.00
# Visual Studio Version 16
VisualStudioVersion = 16.0.31424.327
MinimumVisualStudioVersion = 10.0.40219.1
Project("{FAE04EC0-301F-11D3-BF4B-00C04F79EFBC}") = "Lotnisko 1.0", "Lotnisko 1.0\Lotnisko 1.0.csproj", "{9890A788-432E-4922-A0D8-8F08B8758ADF}"
EndProject
Global
	GlobalSection(SolutionConfigurationPlatforms) = preSolution
		Debug|Any CPU = Debug|Any CPU
		Release|Any CPU = Release|Any CPU
	EndGlobalSection
	GlobalSection(ProjectConfigurationPlatforms) = postSolution
		{9890A788-432E-4922-A0D8-8F08B8758ADF}.Debug|Any CPU.ActiveCfg = Debug|Any CPU
		{9890A788-432E-4922-A0D8-8F08B8758ADF}.Debug|Any CPU.Build.0 = Debug|Any CPU
		{9890A788-432E-4922-A0D8-8F08B8758ADF}.Release|Any CPU.ActiveCfg = Release|Any CPU
		{9890A788-432E-4922-A0D8-8F08B8758ADF}.Release|Any CPU.Build.0 = Release|Any CPU
	EndGlobalSection
	GlobalSection(SolutionProperties) = preSolution
		HideSolutionNode = FALSE
	EndGlobalSection
	GlobalSection(ExtensibilityGlobals) = postSolution
		SolutionGuid = {2D9CFB91-55A9-420B-9E5F-996D978F2C30}
	EndGlobalSection
EndGlobal
